{
  "name": "templates",
  "lockfileVersion": 3,
  "requires": true,
  "packages": {
    "": {
      "name": "templates",
      "devDependencies": {
        "bun": "^1.1.25",
        "bun-types": "^1.1.25"
      }
    },
    "node_modules/@oven/bun-darwin-aarch64": {
      "version": "1.2.16",
      "resolved": "https://registry.npmjs.org/@oven/bun-darwin-aarch64/-/bun-darwin-aarch64-1.2.16.tgz",
      "integrity": "sha512-NLVU9YDORq/3WuJOE5TQv5of3R99n56gYZPfdqP4U0/5nllbC8yzRxA2BWwAS2RxxD0Y3bxqEVUsIGiTNN2jxg==",
      "cpu": [
        "arm64"
      ],
      "dev": true,
      "license": "MIT",
      "optional": true,
      "os": [
        "darwin"
      ]
    },
    "node_modules/@oven/bun-darwin-x64": {
      "version": "1.2.16",
      "resolved": "https://registry.npmjs.org/@oven/bun-darwin-x64/-/bun-darwin-x64-1.2.16.tgz",
      "integrity": "sha512-HpcSVCTH9n+9bG2zu3OUJ9h22m6HzNgZpqib9r4NEVZg7Z2U86bOUMKlTCA0ZANaWsK9czl2VIhMWbLF4fgvLA==",
      "cpu": [
        "x64"
      ],
      "dev": true,
      "license": "MIT",
      "optional": true,
      "os": [
        "darwin"
      ]
    },
    "node_modules/@oven/bun-darwin-x64-baseline": {
      "version": "1.2.16",
      "resolved": "https://registry.npmjs.org/@oven/bun-darwin-x64-baseline/-/bun-darwin-x64-baseline-1.2.16.tgz",
      "integrity": "sha512-FtKr6FwLN+QfrF0/vJtOwBMU72krmrHlxhRSElbKEOWox2n2vWSZ/sNNkHePEsrxGfqaHC5GhEZk2lnaZTavBQ==",
      "cpu": [
        "x64"
      ],
      "dev": true,
      "license": "MIT",
      "optional": true,
      "os": [
        "darwin"
      ]
    },
    "node_modules/@oven/bun-linux-aarch64": {
      "version": "1.2.16",
      "resolved": "https://registry.npmjs.org/@oven/bun-linux-aarch64/-/bun-linux-aarch64-1.2.16.tgz",
      "integrity": "sha512-nd0eZhihfgrDtfI/NdEqOAQ8KY87SWNQLZKjRB8WoYkqcY1BGwtZqvJOc2bEn2oERJ8K2etJRynXz+MKngiYxw==",
      "cpu": [
        "arm64"
      ],
      "dev": true,
      "license": "MIT",
      "optional": true,
      "os": [
        "linux"
      ]
    },
    "node_modules/@oven/bun-linux-aarch64-musl": {
      "version": "1.2.16",
      "resolved": "https://registry.npmjs.org/@oven/bun-linux-aarch64-musl/-/bun-linux-aarch64-musl-1.2.16.tgz",
      "integrity": "sha512-MhvQ0hecunZnbac9cEOqA1CGk/ISDhhnF35i9l90Jgc/osfgGndViLkMp3wk1EO5UG4/Kbil1OlfLmyOHKq0SQ==",
      "cpu": [
        "aarch64"
      ],
      "dev": true,
      "license": "MIT",
      "optional": true,
      "os": [
        "linux"
      ]
    },
    "node_modules/@oven/bun-linux-x64": {
      "version": "1.2.16",
      "resolved": "https://registry.npmjs.org/@oven/bun-linux-x64/-/bun-linux-x64-1.2.16.tgz",
      "integrity": "sha512-qYUXPXbT4S+MImv51+dLBHKFYy40QIowwCRtzUFGf3TG+9MQQUXHNXryMNSdHveHqecd9rO1EIQ8hroAPBl+Sg==",
      "cpu": [
        "x64"
      ],
      "dev": true,
      "license": "MIT",
      "optional": true,
      "os": [
        "linux"
      ]
    },
    "node_modules/@oven/bun-linux-x64-baseline": {
      "version": "1.2.16",
      "resolved": "https://registry.npmjs.org/@oven/bun-linux-x64-baseline/-/bun-linux-x64-baseline-1.2.16.tgz",
      "integrity": "sha512-ZysDeqDfUAqKrQu2R+ddRgSCY30qSnn0LQLr6fAm7Pw9lU2yhWVNa8R3DavddmZQc1vUw6j3ITIAE+DDT9OBCg==",
      "cpu": [
        "x64"
      ],
      "dev": true,
      "license": "MIT",
      "optional": true,
      "os": [
        "linux"
      ]
    },
    "node_modules/@oven/bun-linux-x64-musl": {
      "version": "1.2.16",
      "resolved": "https://registry.npmjs.org/@oven/bun-linux-x64-musl/-/bun-linux-x64-musl-1.2.16.tgz",
      "integrity": "sha512-6o5Oi5ARKYErF6nIBrewxtl20PGhM97faPemJ+v26D47dRNAlUWN5lMVuOqZOhYjqzOe4V+NpxIFBHtXWEmoNQ==",
      "cpu": [
        "x64"
      ],
      "dev": true,
      "license": "MIT",
      "optional": true,
      "os": [
        "linux"
      ]
    },
    "node_modules/@oven/bun-linux-x64-musl-baseline": {
      "version": "1.2.16",
      "resolved": "https://registry.npmjs.org/@oven/bun-linux-x64-musl-baseline/-/bun-linux-x64-musl-baseline-1.2.16.tgz",
      "integrity": "sha512-cWwny3cxYkvV9fYnSDb2brXodWV7IcG+Bwd3q3b8OUYbeC3ekHN3zm+TYdSxIVhMm7z46CkiDz5QnnQWVVfZ5A==",
      "cpu": [
        "x64"
      ],
      "dev": true,
      "license": "MIT",
      "optional": true,
      "os": [
        "linux"
      ]
    },
    "node_modules/@oven/bun-windows-x64": {
      "version": "1.2.16",
      "resolved": "https://registry.npmjs.org/@oven/bun-windows-x64/-/bun-windows-x64-1.2.16.tgz",
      "integrity": "sha512-1xUlHHbMZ3DMZlEcppBAQ5vQDgNHDMIGB/AXO+dxQJl/3GiO/Ek4pMDzcqMnlbGDaDcTmTXyZ6cEXEF4C2qygQ==",
      "cpu": [
        "x64"
      ],
      "dev": true,
      "license": "MIT",
      "optional": true,
      "os": [
        "win32"
      ]
    },
    "node_modules/@oven/bun-windows-x64-baseline": {
      "version": "1.2.16",
      "resolved": "https://registry.npmjs.org/@oven/bun-windows-x64-baseline/-/bun-windows-x64-baseline-1.2.16.tgz",
      "integrity": "sha512-tHdtHqH6c5ScNusLWOzZCTeuV2rSc3mvlLQQ+DYefTy+XwtjXmY47MbBSgNuBWVYePIob9BqDFOtTHYIWRZTww==",
      "cpu": [
        "x64"
      ],
      "dev": true,
      "license": "MIT",
      "optional": true,
      "os": [
        "win32"
      ]
    },
    "node_modules/@types/node": {
      "version": "20.12.14",
      "resolved": "https://registry.npmjs.org/@types/node/-/node-20.12.14.tgz",
      "integrity": "sha512-scnD59RpYD91xngrQQLGkE+6UrHUPzeKZWhhjBSa3HSkwjbQc38+q3RoIVEwxQGRw3M+j5hpNAM+lgV3cVormg==",
      "dev": true,
      "dependencies": {
        "undici-types": "~5.26.4"
      }
    },
    "node_modules/@types/ws": {
      "version": "8.5.12",
      "resolved": "https://registry.npmjs.org/@types/ws/-/ws-8.5.12.tgz",
      "integrity": "sha512-3tPRkv1EtkDpzlgyKyI8pGsGZAGPEaXeu0DOj5DI25Ja91bdAYddYHbADRYVrZMRbfW+1l5YwXVDKohDJNQxkQ==",
      "dev": true,
      "dependencies": {
        "@types/node": "*"
      }
    },
    "node_modules/bun": {
      "version": "1.2.16",
      "resolved": "https://registry.npmjs.org/bun/-/bun-1.2.16.tgz",
      "integrity": "sha512-sjZH6rr1P6yu44+XPA8r+ZojwmK9Kbz9lO6KAA/4HRIupdpC31k7b93crLBm19wEYmd6f2+3+57/7tbOcmHbGg==",
      "cpu": [
        "arm64",
        "x64",
        "aarch64"
      ],
      "dev": true,
      "hasInstallScript": true,
      "license": "MIT",
      "os": [
        "darwin",
        "linux",
        "win32"
      ],
      "bin": {
        "bun": "bin/bun.exe",
        "bunx": "bin/bun.exe"
      },
      "optionalDependencies": {
        "@oven/bun-darwin-aarch64": "1.2.16",
        "@oven/bun-darwin-x64": "1.2.16",
        "@oven/bun-darwin-x64-baseline": "1.2.16",
        "@oven/bun-linux-aarch64": "1.2.16",
        "@oven/bun-linux-aarch64-musl": "1.2.16",
        "@oven/bun-linux-x64": "1.2.16",
        "@oven/bun-linux-x64-baseline": "1.2.16",
        "@oven/bun-linux-x64-musl": "1.2.16",
        "@oven/bun-linux-x64-musl-baseline": "1.2.16",
        "@oven/bun-windows-x64": "1.2.16",
        "@oven/bun-windows-x64-baseline": "1.2.16"
      }
    },
    "node_modules/bun-types": {
      "version": "1.1.25",
      "resolved": "https://registry.npmjs.org/bun-types/-/bun-types-1.1.25.tgz",
      "integrity": "sha512-WpRb8/N3S5IE8UYdIn39+0Is1XzxsC78+MCe5cIdaer0lfFs6+DREtQH9TM6KJNKTxBYDvbx81RwbvxS5+CkVQ==",
      "dev": true,
      "dependencies": {
        "@types/node": "~20.12.8",
        "@types/ws": "~8.5.10"
      }
    },
    "node_modules/undici-types": {
      "version": "5.26.5",
      "resolved": "https://registry.npmjs.org/undici-types/-/undici-types-5.26.5.tgz",
      "integrity": "sha512-JlCMO+ehdEIKqlFxk6IfVoAUVmgz7cU7zD/h9XZ0qzeosSHmUJVOzSQvvYSYWXkFXC+IfLKSIffhv0sVZup6pA==",
      "dev": true
    }
  }
}
