{
  "name": "templates",
  "lockfileVersion": 3,
  "requires": true,
  "packages": {
    "": {
      "name": "templates",
      "devDependencies": {
        "bun": "^1.1.25",
        "bun-types": "^1.1.25"
      }
    },
    "node_modules/@oven/bun-darwin-aarch64": {
      "version": "1.1.25",
      "resolved": "https://registry.npmjs.org/@oven/bun-darwin-aarch64/-/bun-darwin-aarch64-1.1.25.tgz",
      "integrity": "sha512-E7/y3K+8IcH+/i0OBPtVUmA6WfPaixR3SCm04QPCkSiekrNVftVOzkQaShmz40QsdvsFjK/5oVwCg39wCuo+7A==",
      "cpu": [
        "arm64"
      ],
      "dev": true,
      "optional": true,
      "os": [
        "darwin"
      ]
    },
    "node_modules/@oven/bun-darwin-x64": {
      "version": "1.1.25",
      "resolved": "https://registry.npmjs.org/@oven/bun-darwin-x64/-/bun-darwin-x64-1.1.25.tgz",
      "integrity": "sha512-xL4P+TJk7acIz4x6CKIF6BH97mjdRvwh3a3S5EsaxsNXnFFvBNPFpwEGhITCtHPSURj4x34mZq4v63znZcseNQ==",
      "cpu": [
        "x64"
      ],
      "dev": true,
      "optional": true,
      "os": [
        "darwin"
      ]
    },
    "node_modules/@oven/bun-darwin-x64-baseline": {
      "version": "1.1.25",
      "resolved": "https://registry.npmjs.org/@oven/bun-darwin-x64-baseline/-/bun-darwin-x64-baseline-1.1.25.tgz",
      "integrity": "sha512-JbUSBI+CJjsAvkIeE7O9z7FEH1qjcsssn7iI4KmYoZEJK66/gnkVRhqfLNSUKEPdaEK3PyDB7UE4EAJlrcNj9g==",
      "cpu": [
        "x64"
      ],
      "dev": true,
      "optional": true,
      "os": [
        "darwin"
      ]
    },
    "node_modules/@oven/bun-linux-aarch64": {
      "version": "1.1.25",
      "resolved": "https://registry.npmjs.org/@oven/bun-linux-aarch64/-/bun-linux-aarch64-1.1.25.tgz",
      "integrity": "sha512-vZzqRb+LRiQd5SRvRde0ZsFFh1vZIy2tH3KNOxuQp/QmXLNNibmA+vNdCszeRlm3a2QKaioVLhHmuh6kpL5zhw==",
      "cpu": [
        "arm64"
      ],
      "dev": true,
      "optional": true,
      "os": [
        "linux"
      ]
    },
    "node_modules/@oven/bun-linux-x64": {
      "version": "1.1.25",
      "resolved": "https://registry.npmjs.org/@oven/bun-linux-x64/-/bun-linux-x64-1.1.25.tgz",
      "integrity": "sha512-err75vLLEXW00BvZU37mYzxzzkP0+XWZlRYS0bqVrLQeQFAuXPohuOUFKLD0UXSTtqiwSnedZQkBHFWxp3O7Sg==",
      "cpu": [
        "x64"
      ],
      "dev": true,
      "optional": true,
      "os": [
        "linux"
      ]
    },
    "node_modules/@oven/bun-linux-x64-baseline": {
      "version": "1.1.25",
      "resolved": "https://registry.npmjs.org/@oven/bun-linux-x64-baseline/-/bun-linux-x64-baseline-1.1.25.tgz",
      "integrity": "sha512-9Kv1Yte/UxBdFODLXttxHBvy/k/DlzyOt4GZkYsL0h9G0ZrOucTfTpotKR2ElDszzUtQbNYOw9UYJ7OUnDkdZA==",
      "cpu": [
        "x64"
      ],
      "dev": true,
      "optional": true,
      "os": [
        "linux"
      ]
    },
    "node_modules/@oven/bun-windows-x64": {
      "version": "1.1.25",
      "resolved": "https://registry.npmjs.org/@oven/bun-windows-x64/-/bun-windows-x64-1.1.25.tgz",
      "integrity": "sha512-Gfrnwn8s+juDiLa0pdq2RnKsAZY4oSxNrQmopZu044V0EmpLKJJWE9llHki/33ezVFXamiyJ0MJIfFeLflC0Kg==",
      "cpu": [
        "x64"
      ],
      "dev": true,
      "optional": true,
      "os": [
        "win32"
      ]
    },
    "node_modules/@oven/bun-windows-x64-baseline": {
      "version": "1.1.25",
      "resolved": "https://registry.npmjs.org/@oven/bun-windows-x64-baseline/-/bun-windows-x64-baseline-1.1.25.tgz",
      "integrity": "sha512-hNYQFYSRx/JdMZDfqFLCQSm/nS9/JPpz7aBGuL6C1HpT0cvuPuxxpK7KnaWfrj+ws0BX2Id/s4hrdUNfbovR5Q==",
      "cpu": [
        "x64"
      ],
      "dev": true,
      "optional": true,
      "os": [
        "win32"
      ]
    },
    "node_modules/@types/node": {
      "version": "20.12.14",
      "resolved": "https://registry.npmjs.org/@types/node/-/node-20.12.14.tgz",
      "integrity": "sha512-scnD59RpYD91xngrQQLGkE+6UrHUPzeKZWhhjBSa3HSkwjbQc38+q3RoIVEwxQGRw3M+j5hpNAM+lgV3cVormg==",
      "dev": true,
      "dependencies": {
        "undici-types": "~5.26.4"
      }
    },
    "node_modules/@types/ws": {
      "version": "8.5.12",
      "resolved": "https://registry.npmjs.org/@types/ws/-/ws-8.5.12.tgz",
      "integrity": "sha512-3tPRkv1EtkDpzlgyKyI8pGsGZAGPEaXeu0DOj5DI25Ja91bdAYddYHbADRYVrZMRbfW+1l5YwXVDKohDJNQxkQ==",
      "dev": true,
      "dependencies": {
        "@types/node": "*"
      }
    },
    "node_modules/bun": {
      "version": "1.1.25",
      "resolved": "https://registry.npmjs.org/bun/-/bun-1.1.25.tgz",
      "integrity": "sha512-N+KvGq6jcA88QgFVoOMSr2s4sZ9u+R7Tn6Hci25mdygZxa3jgaS91PMNxpEJKkyTBLOhH5E8erx+tqtRLyFbJA==",
      "cpu": [
        "arm64",
        "x64"
      ],
      "dev": true,
      "hasInstallScript": true,
      "os": [
        "darwin",
        "linux",
        "win32"
      ],
      "bin": {
        "bun": "bin/bun.exe",
        "bunx": "bin/bun.exe"
      },
      "optionalDependencies": {
        "@oven/bun-darwin-aarch64": "1.1.25",
        "@oven/bun-darwin-x64": "1.1.25",
        "@oven/bun-darwin-x64-baseline": "1.1.25",
        "@oven/bun-linux-aarch64": "1.1.25",
        "@oven/bun-linux-x64": "1.1.25",
        "@oven/bun-linux-x64-baseline": "1.1.25",
        "@oven/bun-windows-x64": "1.1.25",
        "@oven/bun-windows-x64-baseline": "1.1.25"
      }
    },
    "node_modules/bun-types": {
      "version": "1.1.25",
      "resolved": "https://registry.npmjs.org/bun-types/-/bun-types-1.1.25.tgz",
      "integrity": "sha512-WpRb8/N3S5IE8UYdIn39+0Is1XzxsC78+MCe5cIdaer0lfFs6+DREtQH9TM6KJNKTxBYDvbx81RwbvxS5+CkVQ==",
      "dev": true,
      "dependencies": {
        "@types/node": "~20.12.8",
        "@types/ws": "~8.5.10"
      }
    },
    "node_modules/undici-types": {
      "version": "5.26.5",
      "resolved": "https://registry.npmjs.org/undici-types/-/undici-types-5.26.5.tgz",
      "integrity": "sha512-JlCMO+ehdEIKqlFxk6IfVoAUVmgz7cU7zD/h9XZ0qzeosSHmUJVOzSQvvYSYWXkFXC+IfLKSIffhv0sVZup6pA==",
      "dev": true
    }
  }
}
